// !$*UTF8*$!
{
	archiveVersion = 1;
	classes = {
	};
	objectVersion = 46;
	objects = {

/* Begin PBXBuildFile section */
		3B746C3621B8135D006E48C0 /* DataPump.swift in Sources */ = {isa = PBXBuildFile; fileRef = 3B746C3521B8135D006E48C0 /* DataPump.swift */; };
		3B746C3821B81C5F006E48C0 /* DataPumpTests.swift in Sources */ = {isa = PBXBuildFile; fileRef = 3B746C3721B81C5F006E48C0 /* DataPumpTests.swift */; };
		3B85D9F1207F47D200FA2873 /* GeneratedMocks.swift in Sources */ = {isa = PBXBuildFile; fileRef = 3B85D9F0207F47D200FA2873 /* GeneratedMocks.swift */; };
		3B85D9F3207F483100FA2873 /* UbloxSerialPortTests.swift in Sources */ = {isa = PBXBuildFile; fileRef = 3B85D9F2207F483100FA2873 /* UbloxSerialPortTests.swift */; };
		3BAB8F4921A307A1009E7654 /* Cuckoo.framework in Frameworks */ = {isa = PBXBuildFile; fileRef = 3B85D9EA207F3B4C00FA2873 /* Cuckoo.framework */; };
		3BAB8F4B21A44F2E009E7654 /* CharacteristicSniffer.swift in Sources */ = {isa = PBXBuildFile; fileRef = 3BAB8F4A21A44F2E009E7654 /* CharacteristicSniffer.swift */; };
		3BAB8F4D21A454D4009E7654 /* TestCharacteristicSniffer.swift in Sources */ = {isa = PBXBuildFile; fileRef = 3BAB8F4C21A454D4009E7654 /* TestCharacteristicSniffer.swift */; };
		3BAB8F4F21AD4212009E7654 /* DataStream.swift in Sources */ = {isa = PBXBuildFile; fileRef = 3BAB8F4E21AD4212009E7654 /* DataStream.swift */; };
		3BAB8F5321AD54AD009E7654 /* StopWatch.swift in Sources */ = {isa = PBXBuildFile; fileRef = 3BAB8F5221AD54AC009E7654 /* StopWatch.swift */; };
		3BAB8F5521AD5B6C009E7654 /* TestStopWatch.swift in Sources */ = {isa = PBXBuildFile; fileRef = 3BAB8F5421AD5B6C009E7654 /* TestStopWatch.swift */; };
		5108A85D1FD978AB0099FCBE /* BLEDefinitions.swift in Sources */ = {isa = PBXBuildFile; fileRef = 5108A85C1FD978AB0099FCBE /* BLEDefinitions.swift */; };
		51384293202C799E00B82A38 /* LoggerTests.swift in Sources */ = {isa = PBXBuildFile; fileRef = 51384292202C799E00B82A38 /* LoggerTests.swift */; };
		51384295202C890600B82A38 /* ExtensionsTests.swift in Sources */ = {isa = PBXBuildFile; fileRef = 51384294202C890600B82A38 /* ExtensionsTests.swift */; };
		513842972033161900B82A38 /* Server.swift in Sources */ = {isa = PBXBuildFile; fileRef = 513842962033161900B82A38 /* Server.swift */; };
		516B44C620358AA3002C44C7 /* ServerResponseParser.swift in Sources */ = {isa = PBXBuildFile; fileRef = 516B44C520358AA3002C44C7 /* ServerResponseParser.swift */; };
		516B44C82035A3EE002C44C7 /* ServerMessageParserTests.swift in Sources */ = {isa = PBXBuildFile; fileRef = 516B44C72035A3EE002C44C7 /* ServerMessageParserTests.swift */; };
		51A7A5891FD6B97B00C71149 /* TabGroup.xcassets in Resources */ = {isa = PBXBuildFile; fileRef = 51A7A5881FD6B97B00C71149 /* TabGroup.xcassets */; };
		51A7A58B1FD6B9A300C71149 /* Overview.xcassets in Resources */ = {isa = PBXBuildFile; fileRef = 51A7A58A1FD6B9A300C71149 /* Overview.xcassets */; };
		51A7A58D1FD6B9B400C71149 /* NavBar.xcassets in Resources */ = {isa = PBXBuildFile; fileRef = 51A7A58C1FD6B9B400C71149 /* NavBar.xcassets */; };
		51A7A58F1FD6B9C900C71149 /* Chat.xcassets in Resources */ = {isa = PBXBuildFile; fileRef = 51A7A58E1FD6B9C900C71149 /* Chat.xcassets */; };
		51C01CA0201A2D4300D1C853 /* BaseSerialPortTabBarViewController.swift in Sources */ = {isa = PBXBuildFile; fileRef = 51C01C9F201A2D4300D1C853 /* BaseSerialPortTabBarViewController.swift */; };
		51C01CAC201B3F5300D1C853 /* IconUtil.swift in Sources */ = {isa = PBXBuildFile; fileRef = 51C01CAB201B3F5300D1C853 /* IconUtil.swift */; };
		7A54B6792016440C0069FD2A /* BaseTabBarViewController.swift in Sources */ = {isa = PBXBuildFile; fileRef = 7A54B6782016440C0069FD2A /* BaseTabBarViewController.swift */; };
		7A54B67B201645250069FD2A /* Main.storyboard in Resources */ = {isa = PBXBuildFile; fileRef = 7A54B67A201645250069FD2A /* Main.storyboard */; };
		7A54B67D201648680069FD2A /* BaseTestViewController.swift in Sources */ = {isa = PBXBuildFile; fileRef = 7A54B67C201648680069FD2A /* BaseTestViewController.swift */; };
		7A54B67F20171DDD0069FD2A /* AlertUtil.swift in Sources */ = {isa = PBXBuildFile; fileRef = 7A54B67E20171DDD0069FD2A /* AlertUtil.swift */; };
		7A5838B91FF534D4009B2D88 /* Logger.swift in Sources */ = {isa = PBXBuildFile; fileRef = 7A5838B81FF534D4009B2D88 /* Logger.swift */; };
		7A68E5AA1FDC8E89008CD95F /* BluetoothManager.swift in Sources */ = {isa = PBXBuildFile; fileRef = 7A68E5A91FDC8E89008CD95F /* BluetoothManager.swift */; };
		7A68E5AE1FDCA1EA008CD95F /* UbloxPeripheral.swift in Sources */ = {isa = PBXBuildFile; fileRef = 7A68E5AD1FDCA1EA008CD95F /* UbloxPeripheral.swift */; };
		7A68E5B01FDCB62E008CD95F /* Extensions.swift in Sources */ = {isa = PBXBuildFile; fileRef = 7A68E5AF1FDCB62E008CD95F /* Extensions.swift */; };
		7A68E5B21FDD88A7008CD95F /* UbloxSerialPort.swift in Sources */ = {isa = PBXBuildFile; fileRef = 7A68E5B11FDD88A7008CD95F /* UbloxSerialPort.swift */; };
		7A96C2ED200F4A800069C0C1 /* InfoViewController.swift in Sources */ = {isa = PBXBuildFile; fileRef = 7A96C2DF200F4A7D0069C0C1 /* InfoViewController.swift */; };
		7A96C2EE200F4A800069C0C1 /* OverviewViewController.swift in Sources */ = {isa = PBXBuildFile; fileRef = 7A96C2E0200F4A7D0069C0C1 /* OverviewViewController.swift */; };
		7A96C2EF200F4A800069C0C1 /* ServicesViewController.swift in Sources */ = {isa = PBXBuildFile; fileRef = 7A96C2E1200F4A7E0069C0C1 /* ServicesViewController.swift */; };
		7A96C2F1200F4A800069C0C1 /* ScanTableViewCell.swift in Sources */ = {isa = PBXBuildFile; fileRef = 7A96C2E3200F4A7E0069C0C1 /* ScanTableViewCell.swift */; };
		7A96C2F2200F4A800069C0C1 /* ScanViewController.swift in Sources */ = {isa = PBXBuildFile; fileRef = 7A96C2E4200F4A7E0069C0C1 /* ScanViewController.swift */; };
		7A96C2F3200F4A800069C0C1 /* ChatTableViewCell.swift in Sources */ = {isa = PBXBuildFile; fileRef = 7A96C2E5200F4A7F0069C0C1 /* ChatTableViewCell.swift */; };
		7A96C2F4200F4A800069C0C1 /* ChatViewController.swift in Sources */ = {isa = PBXBuildFile; fileRef = 7A96C2E6200F4A7F0069C0C1 /* ChatViewController.swift */; };
		7A96C2F5200F4A800069C0C1 /* EditViewController.swift in Sources */ = {isa = PBXBuildFile; fileRef = 7A96C2E7200F4A7F0069C0C1 /* EditViewController.swift */; };
		7A96C2F6200F4A800069C0C1 /* ServicesTableViewCell.swift in Sources */ = {isa = PBXBuildFile; fileRef = 7A96C2E8200F4A7F0069C0C1 /* ServicesTableViewCell.swift */; };
		7A96C2F7200F4A800069C0C1 /* ServerViewController.swift in Sources */ = {isa = PBXBuildFile; fileRef = 7A96C2E9200F4A7F0069C0C1 /* ServerViewController.swift */; };
		7A96C2F8200F4A800069C0C1 /* TestViewController.swift in Sources */ = {isa = PBXBuildFile; fileRef = 7A96C2EA200F4A7F0069C0C1 /* TestViewController.swift */; };
		7A96C2F9200F4A800069C0C1 /* ServicesDetailViewController.swift in Sources */ = {isa = PBXBuildFile; fileRef = 7A96C2EB200F4A800069C0C1 /* ServicesDetailViewController.swift */; };
		7A96C2FA200F4A800069C0C1 /* ServicesDetailTableViewCell.swift in Sources */ = {isa = PBXBuildFile; fileRef = 7A96C2EC200F4A800069C0C1 /* ServicesDetailTableViewCell.swift */; };
		7A96C2FD200F4AA00069C0C1 /* BaseViewController.swift in Sources */ = {isa = PBXBuildFile; fileRef = 7A96C2FB200F4AA00069C0C1 /* BaseViewController.swift */; };
		7A96C2FE200F4AA00069C0C1 /* BaseTableViewCell.swift in Sources */ = {isa = PBXBuildFile; fileRef = 7A96C2FC200F4AA00069C0C1 /* BaseTableViewCell.swift */; };
		7AFC943D1FE422AE00FE15DB /* AppDelegate.swift in Sources */ = {isa = PBXBuildFile; fileRef = 7AFC943B1FE422AE00FE15DB /* AppDelegate.swift */; };
		AB5B399D1A9B24EB002ACEDF /* Scan.storyboard in Resources */ = {isa = PBXBuildFile; fileRef = AB5B399B1A9B24EB002ACEDF /* Scan.storyboard */; };
		AB5B399F1A9B24EB002ACEDF /* Images.xcassets in Resources */ = {isa = PBXBuildFile; fileRef = AB5B399E1A9B24EB002ACEDF /* Images.xcassets */; };
		AB5B39A21A9B24EB002ACEDF /* LaunchScreen.xib in Resources */ = {isa = PBXBuildFile; fileRef = AB5B39A01A9B24EB002ACEDF /* LaunchScreen.xib */; };
		ABC252BE1C5253AF0046A8B1 /* art.scnassets in Resources */ = {isa = PBXBuildFile; fileRef = ABC252BD1C5253AF0046A8B1 /* art.scnassets */; };
/* End PBXBuildFile section */

/* Begin PBXContainerItemProxy section */
		5138428D202C797700B82A38 /* PBXContainerItemProxy */ = {
			isa = PBXContainerItemProxy;
			containerPortal = AB5B39831A9B24EB002ACEDF /* Project object */;
			proxyType = 1;
			remoteGlobalIDString = AB5B398A1A9B24EB002ACEDF;
			remoteInfo = "U-blox";
		};
/* End PBXContainerItemProxy section */

/* Begin PBXFileReference section */
		3B746C3521B8135D006E48C0 /* DataPump.swift */ = {isa = PBXFileReference; lastKnownFileType = sourcecode.swift; path = DataPump.swift; sourceTree = "<group>"; };
		3B746C3721B81C5F006E48C0 /* DataPumpTests.swift */ = {isa = PBXFileReference; lastKnownFileType = sourcecode.swift; path = DataPumpTests.swift; sourceTree = "<group>"; };
		3B85D9EA207F3B4C00FA2873 /* Cuckoo.framework */ = {isa = PBXFileReference; lastKnownFileType = wrapper.framework; name = Cuckoo.framework; path = Carthage/Build/iOS/Cuckoo.framework; sourceTree = "<group>"; };
		3B85D9F0207F47D200FA2873 /* GeneratedMocks.swift */ = {isa = PBXFileReference; fileEncoding = 4; lastKnownFileType = sourcecode.swift; path = GeneratedMocks.swift; sourceTree = "<group>"; };
		3B85D9F2207F483100FA2873 /* UbloxSerialPortTests.swift */ = {isa = PBXFileReference; lastKnownFileType = sourcecode.swift; path = UbloxSerialPortTests.swift; sourceTree = "<group>"; };
		3BAB8F4A21A44F2E009E7654 /* CharacteristicSniffer.swift */ = {isa = PBXFileReference; lastKnownFileType = sourcecode.swift; path = CharacteristicSniffer.swift; sourceTree = "<group>"; };
		3BAB8F4C21A454D4009E7654 /* TestCharacteristicSniffer.swift */ = {isa = PBXFileReference; lastKnownFileType = sourcecode.swift; path = TestCharacteristicSniffer.swift; sourceTree = "<group>"; };
		3BAB8F4E21AD4212009E7654 /* DataStream.swift */ = {isa = PBXFileReference; lastKnownFileType = sourcecode.swift; path = DataStream.swift; sourceTree = "<group>"; };
		3BAB8F5221AD54AC009E7654 /* StopWatch.swift */ = {isa = PBXFileReference; lastKnownFileType = sourcecode.swift; path = StopWatch.swift; sourceTree = "<group>"; };
		3BAB8F5421AD5B6C009E7654 /* TestStopWatch.swift */ = {isa = PBXFileReference; lastKnownFileType = sourcecode.swift; path = TestStopWatch.swift; sourceTree = "<group>"; };
		5108A85C1FD978AB0099FCBE /* BLEDefinitions.swift */ = {isa = PBXFileReference; lastKnownFileType = sourcecode.swift; path = BLEDefinitions.swift; sourceTree = "<group>"; };
		51384288202C797700B82A38 /* u-blox BLETests.xctest */ = {isa = PBXFileReference; explicitFileType = wrapper.cfbundle; includeInIndex = 0; path = "u-blox BLETests.xctest"; sourceTree = BUILT_PRODUCTS_DIR; };
		5138428C202C797700B82A38 /* Info.plist */ = {isa = PBXFileReference; lastKnownFileType = text.plist.xml; path = Info.plist; sourceTree = "<group>"; };
		51384292202C799E00B82A38 /* LoggerTests.swift */ = {isa = PBXFileReference; lastKnownFileType = sourcecode.swift; path = LoggerTests.swift; sourceTree = "<group>"; };
		51384294202C890600B82A38 /* ExtensionsTests.swift */ = {isa = PBXFileReference; lastKnownFileType = sourcecode.swift; path = ExtensionsTests.swift; sourceTree = "<group>"; };
		513842962033161900B82A38 /* Server.swift */ = {isa = PBXFileReference; lastKnownFileType = sourcecode.swift; path = Server.swift; sourceTree = "<group>"; };
		516B44C520358AA3002C44C7 /* ServerResponseParser.swift */ = {isa = PBXFileReference; lastKnownFileType = sourcecode.swift; path = ServerResponseParser.swift; sourceTree = "<group>"; };
		516B44C72035A3EE002C44C7 /* ServerMessageParserTests.swift */ = {isa = PBXFileReference; lastKnownFileType = sourcecode.swift; path = ServerMessageParserTests.swift; sourceTree = "<group>"; };
		51A7A5881FD6B97B00C71149 /* TabGroup.xcassets */ = {isa = PBXFileReference; lastKnownFileType = folder.assetcatalog; path = TabGroup.xcassets; sourceTree = "<group>"; };
		51A7A58A1FD6B9A300C71149 /* Overview.xcassets */ = {isa = PBXFileReference; lastKnownFileType = folder.assetcatalog; path = Overview.xcassets; sourceTree = "<group>"; };
		51A7A58C1FD6B9B400C71149 /* NavBar.xcassets */ = {isa = PBXFileReference; lastKnownFileType = folder.assetcatalog; path = NavBar.xcassets; sourceTree = "<group>"; };
		51A7A58E1FD6B9C900C71149 /* Chat.xcassets */ = {isa = PBXFileReference; lastKnownFileType = folder.assetcatalog; path = Chat.xcassets; sourceTree = "<group>"; };
		51C01C9F201A2D4300D1C853 /* BaseSerialPortTabBarViewController.swift */ = {isa = PBXFileReference; lastKnownFileType = sourcecode.swift; path = BaseSerialPortTabBarViewController.swift; sourceTree = "<group>"; };
		51C01CAB201B3F5300D1C853 /* IconUtil.swift */ = {isa = PBXFileReference; lastKnownFileType = sourcecode.swift; path = IconUtil.swift; sourceTree = "<group>"; };
		7A54B6782016440C0069FD2A /* BaseTabBarViewController.swift */ = {isa = PBXFileReference; lastKnownFileType = sourcecode.swift; path = BaseTabBarViewController.swift; sourceTree = "<group>"; };
		7A54B67A201645250069FD2A /* Main.storyboard */ = {isa = PBXFileReference; lastKnownFileType = file.storyboard; path = Main.storyboard; sourceTree = "<group>"; };
		7A54B67C201648680069FD2A /* BaseTestViewController.swift */ = {isa = PBXFileReference; lastKnownFileType = sourcecode.swift; path = BaseTestViewController.swift; sourceTree = "<group>"; };
		7A54B67E20171DDD0069FD2A /* AlertUtil.swift */ = {isa = PBXFileReference; lastKnownFileType = sourcecode.swift; path = AlertUtil.swift; sourceTree = "<group>"; };
		7A5838B81FF534D4009B2D88 /* Logger.swift */ = {isa = PBXFileReference; lastKnownFileType = sourcecode.swift; path = Logger.swift; sourceTree = "<group>"; };
		7A68E5A91FDC8E89008CD95F /* BluetoothManager.swift */ = {isa = PBXFileReference; lastKnownFileType = sourcecode.swift; path = BluetoothManager.swift; sourceTree = "<group>"; };
		7A68E5AD1FDCA1EA008CD95F /* UbloxPeripheral.swift */ = {isa = PBXFileReference; lastKnownFileType = sourcecode.swift; path = UbloxPeripheral.swift; sourceTree = "<group>"; };
		7A68E5AF1FDCB62E008CD95F /* Extensions.swift */ = {isa = PBXFileReference; lastKnownFileType = sourcecode.swift; path = Extensions.swift; sourceTree = "<group>"; };
		7A68E5B11FDD88A7008CD95F /* UbloxSerialPort.swift */ = {isa = PBXFileReference; lastKnownFileType = sourcecode.swift; path = UbloxSerialPort.swift; sourceTree = "<group>"; };
		7A96C2DF200F4A7D0069C0C1 /* InfoViewController.swift */ = {isa = PBXFileReference; fileEncoding = 4; lastKnownFileType = sourcecode.swift; path = InfoViewController.swift; sourceTree = "<group>"; };
		7A96C2E0200F4A7D0069C0C1 /* OverviewViewController.swift */ = {isa = PBXFileReference; fileEncoding = 4; lastKnownFileType = sourcecode.swift; path = OverviewViewController.swift; sourceTree = "<group>"; };
		7A96C2E1200F4A7E0069C0C1 /* ServicesViewController.swift */ = {isa = PBXFileReference; fileEncoding = 4; lastKnownFileType = sourcecode.swift; path = ServicesViewController.swift; sourceTree = "<group>"; };
		7A96C2E3200F4A7E0069C0C1 /* ScanTableViewCell.swift */ = {isa = PBXFileReference; fileEncoding = 4; lastKnownFileType = sourcecode.swift; path = ScanTableViewCell.swift; sourceTree = "<group>"; };
		7A96C2E4200F4A7E0069C0C1 /* ScanViewController.swift */ = {isa = PBXFileReference; fileEncoding = 4; lastKnownFileType = sourcecode.swift; path = ScanViewController.swift; sourceTree = "<group>"; };
		7A96C2E5200F4A7F0069C0C1 /* ChatTableViewCell.swift */ = {isa = PBXFileReference; fileEncoding = 4; lastKnownFileType = sourcecode.swift; path = ChatTableViewCell.swift; sourceTree = "<group>"; };
		7A96C2E6200F4A7F0069C0C1 /* ChatViewController.swift */ = {isa = PBXFileReference; fileEncoding = 4; lastKnownFileType = sourcecode.swift; path = ChatViewController.swift; sourceTree = "<group>"; };
		7A96C2E7200F4A7F0069C0C1 /* EditViewController.swift */ = {isa = PBXFileReference; fileEncoding = 4; lastKnownFileType = sourcecode.swift; path = EditViewController.swift; sourceTree = "<group>"; };
		7A96C2E8200F4A7F0069C0C1 /* ServicesTableViewCell.swift */ = {isa = PBXFileReference; fileEncoding = 4; lastKnownFileType = sourcecode.swift; path = ServicesTableViewCell.swift; sourceTree = "<group>"; };
		7A96C2E9200F4A7F0069C0C1 /* ServerViewController.swift */ = {isa = PBXFileReference; fileEncoding = 4; lastKnownFileType = sourcecode.swift; path = ServerViewController.swift; sourceTree = "<group>"; };
		7A96C2EA200F4A7F0069C0C1 /* TestViewController.swift */ = {isa = PBXFileReference; fileEncoding = 4; lastKnownFileType = sourcecode.swift; path = TestViewController.swift; sourceTree = "<group>"; };
		7A96C2EB200F4A800069C0C1 /* ServicesDetailViewController.swift */ = {isa = PBXFileReference; fileEncoding = 4; lastKnownFileType = sourcecode.swift; path = ServicesDetailViewController.swift; sourceTree = "<group>"; };
		7A96C2EC200F4A800069C0C1 /* ServicesDetailTableViewCell.swift */ = {isa = PBXFileReference; fileEncoding = 4; lastKnownFileType = sourcecode.swift; path = ServicesDetailTableViewCell.swift; sourceTree = "<group>"; };
		7A96C2FB200F4AA00069C0C1 /* BaseViewController.swift */ = {isa = PBXFileReference; fileEncoding = 4; lastKnownFileType = sourcecode.swift; path = BaseViewController.swift; sourceTree = "<group>"; };
		7A96C2FC200F4AA00069C0C1 /* BaseTableViewCell.swift */ = {isa = PBXFileReference; fileEncoding = 4; lastKnownFileType = sourcecode.swift; path = BaseTableViewCell.swift; sourceTree = "<group>"; };
		7AFC943B1FE422AE00FE15DB /* AppDelegate.swift */ = {isa = PBXFileReference; fileEncoding = 4; lastKnownFileType = sourcecode.swift; path = AppDelegate.swift; sourceTree = "<group>"; };
		AB5B398B1A9B24EB002ACEDF /* U-blox.app */ = {isa = PBXFileReference; explicitFileType = wrapper.application; includeInIndex = 0; path = "U-blox.app"; sourceTree = BUILT_PRODUCTS_DIR; };
		AB5B398F1A9B24EB002ACEDF /* Info.plist */ = {isa = PBXFileReference; lastKnownFileType = text.plist.xml; path = Info.plist; sourceTree = "<group>"; };
		AB5B399C1A9B24EB002ACEDF /* Base */ = {isa = PBXFileReference; lastKnownFileType = file.storyboard; name = Base; path = Base.lproj/Scan.storyboard; sourceTree = "<group>"; };
		AB5B399E1A9B24EB002ACEDF /* Images.xcassets */ = {isa = PBXFileReference; lastKnownFileType = folder.assetcatalog; path = Images.xcassets; sourceTree = "<group>"; };
		AB5B39A11A9B24EB002ACEDF /* Base */ = {isa = PBXFileReference; lastKnownFileType = file.xib; name = Base; path = Base.lproj/LaunchScreen.xib; sourceTree = "<group>"; };
		ABC252BD1C5253AF0046A8B1 /* art.scnassets */ = {isa = PBXFileReference; lastKnownFileType = wrapper.scnassets; path = art.scnassets; sourceTree = "<group>"; };
/* End PBXFileReference section */

/* Begin PBXFrameworksBuildPhase section */
		51384285202C797700B82A38 /* Frameworks */ = {
			isa = PBXFrameworksBuildPhase;
			buildActionMask = 2147483647;
			files = (
				3BAB8F4921A307A1009E7654 /* Cuckoo.framework in Frameworks */,
			);
			runOnlyForDeploymentPostprocessing = 0;
		};
		AB5B39881A9B24EB002ACEDF /* Frameworks */ = {
			isa = PBXFrameworksBuildPhase;
			buildActionMask = 2147483647;
			files = (
			);
			runOnlyForDeploymentPostprocessing = 0;
		};
/* End PBXFrameworksBuildPhase section */

/* Begin PBXGroup section */
		51384289202C797700B82A38 /* u-blox BLETests */ = {
			isa = PBXGroup;
			children = (
				3B85D9F0207F47D200FA2873 /* GeneratedMocks.swift */,
				51384292202C799E00B82A38 /* LoggerTests.swift */,
				516B44C72035A3EE002C44C7 /* ServerMessageParserTests.swift */,
				51384294202C890600B82A38 /* ExtensionsTests.swift */,
				5138428C202C797700B82A38 /* Info.plist */,
				3B85D9F2207F483100FA2873 /* UbloxSerialPortTests.swift */,
				3BAB8F4C21A454D4009E7654 /* TestCharacteristicSniffer.swift */,
				3BAB8F5421AD5B6C009E7654 /* TestStopWatch.swift */,
				3B746C3721B81C5F006E48C0 /* DataPumpTests.swift */,
			);
			path = "u-blox BLETests";
			sourceTree = "<group>";
		};
		51A7A5871FD6B92F00C71149 /* Assets */ = {
			isa = PBXGroup;
			children = (
				ABC252BD1C5253AF0046A8B1 /* art.scnassets */,
				AB5B399E1A9B24EB002ACEDF /* Images.xcassets */,
				51A7A5881FD6B97B00C71149 /* TabGroup.xcassets */,
				51A7A58A1FD6B9A300C71149 /* Overview.xcassets */,
				51A7A58C1FD6B9B400C71149 /* NavBar.xcassets */,
				51A7A58E1FD6B9C900C71149 /* Chat.xcassets */,
			);
			path = Assets;
			sourceTree = "<group>";
		};
		6D0537B68EDDD4D742241BF5 /* Frameworks */ = {
			isa = PBXGroup;
			children = (
				3B85D9EA207F3B4C00FA2873 /* Cuckoo.framework */,
			);
			name = Frameworks;
			sourceTree = "<group>";
		};
		7A5838B71FF534B1009B2D88 /* Helpers */ = {
			isa = PBXGroup;
			children = (
				7A5838B81FF534D4009B2D88 /* Logger.swift */,
				7A54B67E20171DDD0069FD2A /* AlertUtil.swift */,
				51C01CAB201B3F5300D1C853 /* IconUtil.swift */,
				516B44C520358AA3002C44C7 /* ServerResponseParser.swift */,
			);
			path = Helpers;
			sourceTree = "<group>";
		};
		7A77C28B1FF3EC9D00F758B2 /* ViewControllers */ = {
			isa = PBXGroup;
			children = (
				7A96C2E5200F4A7F0069C0C1 /* ChatTableViewCell.swift */,
				7A96C2E6200F4A7F0069C0C1 /* ChatViewController.swift */,
				7A96C2E7200F4A7F0069C0C1 /* EditViewController.swift */,
				7A96C2DF200F4A7D0069C0C1 /* InfoViewController.swift */,
				7A96C2E0200F4A7D0069C0C1 /* OverviewViewController.swift */,
				7A96C2EA200F4A7F0069C0C1 /* TestViewController.swift */,
				7A96C2E3200F4A7E0069C0C1 /* ScanTableViewCell.swift */,
				7A96C2E4200F4A7E0069C0C1 /* ScanViewController.swift */,
				7A96C2E9200F4A7F0069C0C1 /* ServerViewController.swift */,
				7A96C2EC200F4A800069C0C1 /* ServicesDetailTableViewCell.swift */,
				7A96C2EB200F4A800069C0C1 /* ServicesDetailViewController.swift */,
				7A96C2E8200F4A7F0069C0C1 /* ServicesTableViewCell.swift */,
				7A96C2E1200F4A7E0069C0C1 /* ServicesViewController.swift */,
				7A77C2901FF3F14D00F758B2 /* Base */,
			);
			path = ViewControllers;
			sourceTree = "<group>";
		};
		7A77C28D1FF3ECC800F758B2 /* Models */ = {
			isa = PBXGroup;
			children = (
				5108A85C1FD978AB0099FCBE /* BLEDefinitions.swift */,
				7A68E5B11FDD88A7008CD95F /* UbloxSerialPort.swift */,
				7A68E5A91FDC8E89008CD95F /* BluetoothManager.swift */,
				7A68E5AD1FDCA1EA008CD95F /* UbloxPeripheral.swift */,
				7A68E5AF1FDCB62E008CD95F /* Extensions.swift */,
				513842962033161900B82A38 /* Server.swift */,
				3BAB8F4A21A44F2E009E7654 /* CharacteristicSniffer.swift */,
				3BAB8F4E21AD4212009E7654 /* DataStream.swift */,
				3BAB8F5221AD54AC009E7654 /* StopWatch.swift */,
				3B746C3521B8135D006E48C0 /* DataPump.swift */,
			);
			path = Models;
			sourceTree = "<group>";
		};
		7A77C28E1FF3ED6000F758B2 /* Storyboards */ = {
			isa = PBXGroup;
			children = (
				AB5B399B1A9B24EB002ACEDF /* Scan.storyboard */,
				AB5B39A01A9B24EB002ACEDF /* LaunchScreen.xib */,
				7A54B67A201645250069FD2A /* Main.storyboard */,
			);
			path = Storyboards;
			sourceTree = "<group>";
		};
		7A77C2901FF3F14D00F758B2 /* Base */ = {
			isa = PBXGroup;
			children = (
				7A54B67C201648680069FD2A /* BaseTestViewController.swift */,
				7A96C2FC200F4AA00069C0C1 /* BaseTableViewCell.swift */,
				7A96C2FB200F4AA00069C0C1 /* BaseViewController.swift */,
				7A54B6782016440C0069FD2A /* BaseTabBarViewController.swift */,
				51C01C9F201A2D4300D1C853 /* BaseSerialPortTabBarViewController.swift */,
			);
			path = Base;
			sourceTree = "<group>";
		};
		AB5B39821A9B24EB002ACEDF = {
			isa = PBXGroup;
			children = (
				AB5B398D1A9B24EB002ACEDF /* U-blox */,
				51384289202C797700B82A38 /* u-blox BLETests */,
				AB5B398C1A9B24EB002ACEDF /* Products */,
				6D0537B68EDDD4D742241BF5 /* Frameworks */,
			);
			sourceTree = "<group>";
		};
		AB5B398C1A9B24EB002ACEDF /* Products */ = {
			isa = PBXGroup;
			children = (
				AB5B398B1A9B24EB002ACEDF /* U-blox.app */,
				51384288202C797700B82A38 /* u-blox BLETests.xctest */,
			);
			name = Products;
			sourceTree = "<group>";
		};
		AB5B398D1A9B24EB002ACEDF /* U-blox */ = {
			isa = PBXGroup;
			children = (
				7A77C28E1FF3ED6000F758B2 /* Storyboards */,
				7A77C28D1FF3ECC800F758B2 /* Models */,
				7A77C28B1FF3EC9D00F758B2 /* ViewControllers */,
				7AFC943B1FE422AE00FE15DB /* AppDelegate.swift */,
				7A5838B71FF534B1009B2D88 /* Helpers */,
				51A7A5871FD6B92F00C71149 /* Assets */,
				AB5B398E1A9B24EB002ACEDF /* Supporting Files */,
			);
			path = "U-blox";
			sourceTree = "<group>";
		};
		AB5B398E1A9B24EB002ACEDF /* Supporting Files */ = {
			isa = PBXGroup;
			children = (
				AB5B398F1A9B24EB002ACEDF /* Info.plist */,
			);
			name = "Supporting Files";
			sourceTree = "<group>";
		};
/* End PBXGroup section */

/* Begin PBXNativeTarget section */
		51384287202C797700B82A38 /* u-blox BLETests */ = {
			isa = PBXNativeTarget;
			buildConfigurationList = 5138428F202C797700B82A38 /* Build configuration list for PBXNativeTarget "u-blox BLETests" */;
			buildPhases = (
				3B85D9F5207F9D5600FA2873 /* ShellScript */,
				51384284202C797700B82A38 /* Sources */,
				51384285202C797700B82A38 /* Frameworks */,
				51384286202C797700B82A38 /* Resources */,
				3B85D9F4207F9D3B00FA2873 /* ShellScript */,
			);
			buildRules = (
			);
			dependencies = (
				5138428E202C797700B82A38 /* PBXTargetDependency */,
			);
			name = "u-blox BLETests";
			productName = "u-blox BLETests";
			productReference = 51384288202C797700B82A38 /* u-blox BLETests.xctest */;
			productType = "com.apple.product-type.bundle.unit-test";
		};
		AB5B398A1A9B24EB002ACEDF /* U-blox */ = {
			isa = PBXNativeTarget;
			buildConfigurationList = AB5B39B11A9B24EB002ACEDF /* Build configuration list for PBXNativeTarget "U-blox" */;
			buildPhases = (
				AB5B39871A9B24EB002ACEDF /* Sources */,
				AB5B39881A9B24EB002ACEDF /* Frameworks */,
				AB5B39891A9B24EB002ACEDF /* Resources */,
			);
			buildRules = (
			);
			dependencies = (
			);
			name = "U-blox";
			productName = "U-blox";
			productReference = AB5B398B1A9B24EB002ACEDF /* U-blox.app */;
			productType = "com.apple.product-type.application";
		};
/* End PBXNativeTarget section */

/* Begin PBXProject section */
		AB5B39831A9B24EB002ACEDF /* Project object */ = {
			isa = PBXProject;
			attributes = {
				LastSwiftUpdateCheck = 0920;
				LastUpgradeCheck = 0920;
				ORGANIZATIONNAME = "U-blox";
				TargetAttributes = {
					51384287202C797700B82A38 = {
						CreatedOnToolsVersion = 9.2;
						DevelopmentTeam = 92V5UU94YL;
						ProvisioningStyle = Automatic;
						TestTargetID = AB5B398A1A9B24EB002ACEDF;
					};
					AB5B398A1A9B24EB002ACEDF = {
						CreatedOnToolsVersion = 6.1.1;
						DevelopmentTeam = 92V5UU94YL;
						LastSwiftMigration = 0910;
						ProvisioningStyle = Automatic;
					};
				};
			};
			buildConfigurationList = AB5B39861A9B24EB002ACEDF /* Build configuration list for PBXProject "U-blox" */;
			compatibilityVersion = "Xcode 3.2";
			developmentRegion = English;
			hasScannedForEncodings = 0;
			knownRegions = (
				en,
				Base,
			);
			mainGroup = AB5B39821A9B24EB002ACEDF;
			productRefGroup = AB5B398C1A9B24EB002ACEDF /* Products */;
			projectDirPath = "";
			projectRoot = "";
			targets = (
				AB5B398A1A9B24EB002ACEDF /* U-blox */,
				51384287202C797700B82A38 /* u-blox BLETests */,
			);
		};
/* End PBXProject section */

/* Begin PBXResourcesBuildPhase section */
		51384286202C797700B82A38 /* Resources */ = {
			isa = PBXResourcesBuildPhase;
			buildActionMask = 2147483647;
			files = (
			);
			runOnlyForDeploymentPostprocessing = 0;
		};
		AB5B39891A9B24EB002ACEDF /* Resources */ = {
			isa = PBXResourcesBuildPhase;
			buildActionMask = 2147483647;
			files = (
				AB5B399D1A9B24EB002ACEDF /* Scan.storyboard in Resources */,
				51A7A58B1FD6B9A300C71149 /* Overview.xcassets in Resources */,
				51A7A58D1FD6B9B400C71149 /* NavBar.xcassets in Resources */,
				51A7A58F1FD6B9C900C71149 /* Chat.xcassets in Resources */,
				AB5B39A21A9B24EB002ACEDF /* LaunchScreen.xib in Resources */,
				51A7A5891FD6B97B00C71149 /* TabGroup.xcassets in Resources */,
				ABC252BE1C5253AF0046A8B1 /* art.scnassets in Resources */,
				AB5B399F1A9B24EB002ACEDF /* Images.xcassets in Resources */,
				7A54B67B201645250069FD2A /* Main.storyboard in Resources */,
			);
			runOnlyForDeploymentPostprocessing = 0;
		};
/* End PBXResourcesBuildPhase section */

/* Begin PBXShellScriptBuildPhase section */
		3B85D9F4207F9D3B00FA2873 /* ShellScript */ = {
			isa = PBXShellScriptBuildPhase;
			buildActionMask = 2147483647;
			files = (
			);
			inputPaths = (
				"$(SRCROOT)/Carthage/Build/iOS/Cuckoo.framework",
			);
			outputPaths = (
			);
			runOnlyForDeploymentPostprocessing = 0;
			shellPath = /bin/sh;
			shellScript = "/usr/local/bin/carthage copy-frameworks\n";
		};
		3B85D9F5207F9D5600FA2873 /* ShellScript */ = {
			isa = PBXShellScriptBuildPhase;
			buildActionMask = 2147483647;
			files = (
			);
			inputPaths = (
				"$(SRCROOT)/U-blox/Models/UbloxPeripheral.swift",
			);
			outputPaths = (
			);
			runOnlyForDeploymentPostprocessing = 0;
			shellPath = /bin/sh;
			shellScript = "Carthage/Checkouts/Cuckoo/run generate --testable \"U-blox\" --output \"$SRCROOT/u-blox BLETests/GeneratedMocks.swift\"\n";
		};
/* End PBXShellScriptBuildPhase section */

/* Begin PBXSourcesBuildPhase section */
		51384284202C797700B82A38 /* Sources */ = {
			isa = PBXSourcesBuildPhase;
			buildActionMask = 2147483647;
			files = (
				3B85D9F3207F483100FA2873 /* UbloxSerialPortTests.swift in Sources */,
				516B44C82035A3EE002C44C7 /* ServerMessageParserTests.swift in Sources */,
				3BAB8F4D21A454D4009E7654 /* TestCharacteristicSniffer.swift in Sources */,
				3BAB8F5521AD5B6C009E7654 /* TestStopWatch.swift in Sources */,
				51384293202C799E00B82A38 /* LoggerTests.swift in Sources */,
				3B746C3821B81C5F006E48C0 /* DataPumpTests.swift in Sources */,
				51384295202C890600B82A38 /* ExtensionsTests.swift in Sources */,
				3B85D9F1207F47D200FA2873 /* GeneratedMocks.swift in Sources */,
			);
			runOnlyForDeploymentPostprocessing = 0;
		};
		AB5B39871A9B24EB002ACEDF /* Sources */ = {
			isa = PBXSourcesBuildPhase;
			buildActionMask = 2147483647;
			files = (
				7A68E5AE1FDCA1EA008CD95F /* UbloxPeripheral.swift in Sources */,
				7A5838B91FF534D4009B2D88 /* Logger.swift in Sources */,
				7A96C2F8200F4A800069C0C1 /* TestViewController.swift in Sources */,
				7A54B67F20171DDD0069FD2A /* AlertUtil.swift in Sources */,
				7A96C2FD200F4AA00069C0C1 /* BaseViewController.swift in Sources */,
				7A96C2EE200F4A800069C0C1 /* OverviewViewController.swift in Sources */,
				7A54B6792016440C0069FD2A /* BaseTabBarViewController.swift in Sources */,
				3BAB8F5321AD54AD009E7654 /* StopWatch.swift in Sources */,
				3B746C3621B8135D006E48C0 /* DataPump.swift in Sources */,
				7A96C2F1200F4A800069C0C1 /* ScanTableViewCell.swift in Sources */,
				7A96C2F7200F4A800069C0C1 /* ServerViewController.swift in Sources */,
				5108A85D1FD978AB0099FCBE /* BLEDefinitions.swift in Sources */,
				7A96C2EF200F4A800069C0C1 /* ServicesViewController.swift in Sources */,
				7A54B67D201648680069FD2A /* BaseTestViewController.swift in Sources */,
				7A68E5AA1FDC8E89008CD95F /* BluetoothManager.swift in Sources */,
				51C01CAC201B3F5300D1C853 /* IconUtil.swift in Sources */,
				513842972033161900B82A38 /* Server.swift in Sources */,
				7A96C2FA200F4A800069C0C1 /* ServicesDetailTableViewCell.swift in Sources */,
				7A96C2F5200F4A800069C0C1 /* EditViewController.swift in Sources */,
				7A96C2F9200F4A800069C0C1 /* ServicesDetailViewController.swift in Sources */,
				51C01CA0201A2D4300D1C853 /* BaseSerialPortTabBarViewController.swift in Sources */,
				3BAB8F4F21AD4212009E7654 /* DataStream.swift in Sources */,
				7A68E5B01FDCB62E008CD95F /* Extensions.swift in Sources */,
				7A96C2FE200F4AA00069C0C1 /* BaseTableViewCell.swift in Sources */,
				7A68E5B21FDD88A7008CD95F /* UbloxSerialPort.swift in Sources */,
				3BAB8F4B21A44F2E009E7654 /* CharacteristicSniffer.swift in Sources */,
				7A96C2F6200F4A800069C0C1 /* ServicesTableViewCell.swift in Sources */,
				7AFC943D1FE422AE00FE15DB /* AppDelegate.swift in Sources */,
				7A96C2F3200F4A800069C0C1 /* ChatTableViewCell.swift in Sources */,
				516B44C620358AA3002C44C7 /* ServerResponseParser.swift in Sources */,
				7A96C2ED200F4A800069C0C1 /* InfoViewController.swift in Sources */,
				7A96C2F4200F4A800069C0C1 /* ChatViewController.swift in Sources */,
				7A96C2F2200F4A800069C0C1 /* ScanViewController.swift in Sources */,
			);
			runOnlyForDeploymentPostprocessing = 0;
		};
/* End PBXSourcesBuildPhase section */

/* Begin PBXTargetDependency section */
		5138428E202C797700B82A38 /* PBXTargetDependency */ = {
			isa = PBXTargetDependency;
			target = AB5B398A1A9B24EB002ACEDF /* U-blox */;
			targetProxy = 5138428D202C797700B82A38 /* PBXContainerItemProxy */;
		};
/* End PBXTargetDependency section */

/* Begin PBXVariantGroup section */
		AB5B399B1A9B24EB002ACEDF /* Scan.storyboard */ = {
			isa = PBXVariantGroup;
			children = (
				AB5B399C1A9B24EB002ACEDF /* Base */,
			);
			name = Scan.storyboard;
			sourceTree = "<group>";
		};
		AB5B39A01A9B24EB002ACEDF /* LaunchScreen.xib */ = {
			isa = PBXVariantGroup;
			children = (
				AB5B39A11A9B24EB002ACEDF /* Base */,
			);
			name = LaunchScreen.xib;
			sourceTree = "<group>";
		};
/* End PBXVariantGroup section */

/* Begin XCBuildConfiguration section */
		51384290202C797700B82A38 /* Debug */ = {
			isa = XCBuildConfiguration;
			buildSettings = {
				BUNDLE_LOADER = "$(TEST_HOST)";
				CLANG_ANALYZER_NONNULL = YES;
				CLANG_ANALYZER_NUMBER_OBJECT_CONVERSION = YES_AGGRESSIVE;
				CLANG_CXX_LANGUAGE_STANDARD = "gnu++14";
				CLANG_WARN_DOCUMENTATION_COMMENTS = YES;
				CLANG_WARN_UNGUARDED_AVAILABILITY = YES_AGGRESSIVE;
				CODE_SIGN_IDENTITY = "iPhone Developer";
				CODE_SIGN_STYLE = Automatic;
				DEBUG_INFORMATION_FORMAT = dwarf;
				DEVELOPMENT_TEAM = 92V5UU94YL;
				FRAMEWORK_SEARCH_PATHS = (
					"$(inherited)",
					"$(PROJECT_DIR)/Carthage/Build/iOS",
				);
				GCC_C_LANGUAGE_STANDARD = gnu11;
				INFOPLIST_FILE = "u-blox BLETests/Info.plist";
				IPHONEOS_DEPLOYMENT_TARGET = 11.2;
				LD_RUNPATH_SEARCH_PATHS = "$(inherited) @executable_path/Frameworks @loader_path/Frameworks";
				PRODUCT_BUNDLE_IDENTIFIER = "com.axelnowaczyk.u-blox-BLETests";
				PRODUCT_NAME = "$(TARGET_NAME)";
				SWIFT_ACTIVE_COMPILATION_CONDITIONS = DEBUG;
				SWIFT_OPTIMIZATION_LEVEL = "-Onone";
				SWIFT_VERSION = 4.0;
				TARGETED_DEVICE_FAMILY = "1,2";
				TEST_HOST = "$(BUILT_PRODUCTS_DIR)/U-blox.app/U-blox";
			};
			name = Debug;
		};
		51384291202C797700B82A38 /* Release */ = {
			isa = XCBuildConfiguration;
			buildSettings = {
				BUNDLE_LOADER = "$(TEST_HOST)";
				CLANG_ANALYZER_NONNULL = YES;
				CLANG_ANALYZER_NUMBER_OBJECT_CONVERSION = YES_AGGRESSIVE;
				CLANG_CXX_LANGUAGE_STANDARD = "gnu++14";
				CLANG_WARN_DOCUMENTATION_COMMENTS = YES;
				CLANG_WARN_UNGUARDED_AVAILABILITY = YES_AGGRESSIVE;
				CODE_SIGN_IDENTITY = "iPhone Developer";
				CODE_SIGN_STYLE = Automatic;
				COPY_PHASE_STRIP = NO;
				DEBUG_INFORMATION_FORMAT = "dwarf-with-dsym";
				DEVELOPMENT_TEAM = 92V5UU94YL;
				FRAMEWORK_SEARCH_PATHS = (
					"$(inherited)",
					"$(PROJECT_DIR)/Carthage/Build/iOS",
				);
				GCC_C_LANGUAGE_STANDARD = gnu11;
				INFOPLIST_FILE = "u-blox BLETests/Info.plist";
				IPHONEOS_DEPLOYMENT_TARGET = 11.2;
				LD_RUNPATH_SEARCH_PATHS = "$(inherited) @executable_path/Frameworks @loader_path/Frameworks";
				PRODUCT_BUNDLE_IDENTIFIER = "com.axelnowaczyk.u-blox-BLETests";
				PRODUCT_NAME = "$(TARGET_NAME)";
				SWIFT_VERSION = 4.0;
				TARGETED_DEVICE_FAMILY = "1,2";
				TEST_HOST = "$(BUILT_PRODUCTS_DIR)/U-blox.app/U-blox";
			};
			name = Release;
		};
		AB5B39AF1A9B24EB002ACEDF /* Debug */ = {
			isa = XCBuildConfiguration;
			buildSettings = {
				ALWAYS_SEARCH_USER_PATHS = NO;
				CLANG_CXX_LANGUAGE_STANDARD = "gnu++0x";
				CLANG_CXX_LIBRARY = "libc++";
				CLANG_ENABLE_MODULES = YES;
				CLANG_ENABLE_OBJC_ARC = YES;
				CLANG_WARN_BLOCK_CAPTURE_AUTORELEASING = YES;
				CLANG_WARN_BOOL_CONVERSION = YES;
				CLANG_WARN_COMMA = YES;
				CLANG_WARN_CONSTANT_CONVERSION = YES;
				CLANG_WARN_DIRECT_OBJC_ISA_USAGE = YES_ERROR;
				CLANG_WARN_EMPTY_BODY = YES;
				CLANG_WARN_ENUM_CONVERSION = YES;
				CLANG_WARN_INFINITE_RECURSION = YES;
				CLANG_WARN_INT_CONVERSION = YES;
				CLANG_WARN_NON_LITERAL_NULL_CONVERSION = YES;
				CLANG_WARN_OBJC_LITERAL_CONVERSION = YES;
				CLANG_WARN_OBJC_ROOT_CLASS = YES_ERROR;
				CLANG_WARN_RANGE_LOOP_ANALYSIS = YES;
				CLANG_WARN_STRICT_PROTOTYPES = YES;
				CLANG_WARN_SUSPICIOUS_MOVE = YES;
				CLANG_WARN_UNREACHABLE_CODE = YES;
				CLANG_WARN__DUPLICATE_METHOD_MATCH = YES;
				"CODE_SIGN_IDENTITY[sdk=iphoneos*]" = "iPhone Developer";
				COPY_PHASE_STRIP = NO;
				ENABLE_STRICT_OBJC_MSGSEND = YES;
				ENABLE_TESTABILITY = YES;
				GCC_C_LANGUAGE_STANDARD = gnu99;
				GCC_DYNAMIC_NO_PIC = NO;
				GCC_NO_COMMON_BLOCKS = YES;
				GCC_OPTIMIZATION_LEVEL = 0;
				GCC_PREPROCESSOR_DEFINITIONS = (
					"DEBUG=1",
					"$(inherited)",
				);
				GCC_SYMBOLS_PRIVATE_EXTERN = NO;
				GCC_WARN_64_TO_32_BIT_CONVERSION = YES;
				GCC_WARN_ABOUT_RETURN_TYPE = YES_ERROR;
				GCC_WARN_UNDECLARED_SELECTOR = YES;
				GCC_WARN_UNINITIALIZED_AUTOS = YES_AGGRESSIVE;
				GCC_WARN_UNUSED_FUNCTION = YES;
				GCC_WARN_UNUSED_VARIABLE = YES;
				IPHONEOS_DEPLOYMENT_TARGET = 10.0;
				MTL_ENABLE_DEBUG_INFO = YES;
				ONLY_ACTIVE_ARCH = YES;
				SDKROOT = iphoneos;
				SWIFT_VERSION = 4.0;
			};
			name = Debug;
		};
		AB5B39B01A9B24EB002ACEDF /* Release */ = {
			isa = XCBuildConfiguration;
			buildSettings = {
				ALWAYS_SEARCH_USER_PATHS = NO;
				CLANG_CXX_LANGUAGE_STANDARD = "gnu++0x";
				CLANG_CXX_LIBRARY = "libc++";
				CLANG_ENABLE_MODULES = YES;
				CLANG_ENABLE_OBJC_ARC = YES;
				CLANG_WARN_BLOCK_CAPTURE_AUTORELEASING = YES;
				CLANG_WARN_BOOL_CONVERSION = YES;
				CLANG_WARN_COMMA = YES;
				CLANG_WARN_CONSTANT_CONVERSION = YES;
				CLANG_WARN_DIRECT_OBJC_ISA_USAGE = YES_ERROR;
				CLANG_WARN_EMPTY_BODY = YES;
				CLANG_WARN_ENUM_CONVERSION = YES;
				CLANG_WARN_INFINITE_RECURSION = YES;
				CLANG_WARN_INT_CONVERSION = YES;
				CLANG_WARN_NON_LITERAL_NULL_CONVERSION = YES;
				CLANG_WARN_OBJC_LITERAL_CONVERSION = YES;
				CLANG_WARN_OBJC_ROOT_CLASS = YES_ERROR;
				CLANG_WARN_RANGE_LOOP_ANALYSIS = YES;
				CLANG_WARN_STRICT_PROTOTYPES = YES;
				CLANG_WARN_SUSPICIOUS_MOVE = YES;
				CLANG_WARN_UNREACHABLE_CODE = YES;
				CLANG_WARN__DUPLICATE_METHOD_MATCH = YES;
				"CODE_SIGN_IDENTITY[sdk=iphoneos*]" = "iPhone Developer";
				COPY_PHASE_STRIP = YES;
				ENABLE_NS_ASSERTIONS = NO;
				ENABLE_STRICT_OBJC_MSGSEND = YES;
				GCC_C_LANGUAGE_STANDARD = gnu99;
				GCC_NO_COMMON_BLOCKS = YES;
				GCC_WARN_64_TO_32_BIT_CONVERSION = YES;
				GCC_WARN_ABOUT_RETURN_TYPE = YES_ERROR;
				GCC_WARN_UNDECLARED_SELECTOR = YES;
				GCC_WARN_UNINITIALIZED_AUTOS = YES_AGGRESSIVE;
				GCC_WARN_UNUSED_FUNCTION = YES;
				GCC_WARN_UNUSED_VARIABLE = YES;
				IPHONEOS_DEPLOYMENT_TARGET = 10.0;
				MTL_ENABLE_DEBUG_INFO = NO;
				SDKROOT = iphoneos;
				SWIFT_OPTIMIZATION_LEVEL = "-Owholemodule";
				SWIFT_VERSION = 4.0;
				VALIDATE_PRODUCT = YES;
			};
			name = Release;
		};
		AB5B39B21A9B24EB002ACEDF /* Debug */ = {
			isa = XCBuildConfiguration;
			buildSettings = {
				ASSETCATALOG_COMPILER_APPICON_NAME = AppIcon;
				CLANG_ENABLE_MODULES = YES;
				CODE_SIGN_IDENTITY = "iPhone Developer";
				"CODE_SIGN_IDENTITY[sdk=iphoneos*]" = "iPhone Developer";
				DEVELOPMENT_TEAM = 92V5UU94YL;
				ENABLE_BITCODE = NO;
				FRAMEWORK_SEARCH_PATHS = (
					"$(inherited)",
					"$(PROJECT_DIR)/Carthage/Build/iOS",
				);
				INFOPLIST_FILE = "U-blox/Info.plist";
				IPHONEOS_DEPLOYMENT_TARGET = 10.0;
				LD_RUNPATH_SEARCH_PATHS = "$(inherited) @executable_path/Frameworks";
				PRODUCT_BUNDLE_IDENTIFIER = "com.connectblue.cB-OLP425";
				PRODUCT_NAME = "$(TARGET_NAME)";
				PROVISIONING_PROFILE = "";
				PROVISIONING_PROFILE_SPECIFIER = "";
				SWIFT_OPTIMIZATION_LEVEL = "-Onone";
				SWIFT_VERSION = 4.0;
			};
			name = Debug;
		};
		AB5B39B31A9B24EB002ACEDF /* Release */ = {
			isa = XCBuildConfiguration;
			buildSettings = {
				ASSETCATALOG_COMPILER_APPICON_NAME = AppIcon;
				CLANG_ENABLE_MODULES = YES;
				CODE_SIGN_IDENTITY = "iPhone Developer";
				"CODE_SIGN_IDENTITY[sdk=iphoneos*]" = "iPhone Developer";
				DEVELOPMENT_TEAM = 92V5UU94YL;
				ENABLE_BITCODE = NO;
				FRAMEWORK_SEARCH_PATHS = (
					"$(inherited)",
					"$(PROJECT_DIR)/Carthage/Build/iOS",
				);
				INFOPLIST_FILE = "U-blox/Info.plist";
				IPHONEOS_DEPLOYMENT_TARGET = 10.0;
				LD_RUNPATH_SEARCH_PATHS = "$(inherited) @executable_path/Frameworks";
				PRODUCT_BUNDLE_IDENTIFIER = "com.connectblue.cB-OLP425";
				PRODUCT_NAME = "$(TARGET_NAME)";
				PROVISIONING_PROFILE = "";
				PROVISIONING_PROFILE_SPECIFIER = "";
				SWIFT_VERSION = 4.0;
			};
			name = Release;
		};
/* End XCBuildConfiguration section */

/* Begin XCConfigurationList section */
		5138428F202C797700B82A38 /* Build configuration list for PBXNativeTarget "u-blox BLETests" */ = {
			isa = XCConfigurationList;
			buildConfigurations = (
				51384290202C797700B82A38 /* Debug */,
				51384291202C797700B82A38 /* Release */,
			);
			defaultConfigurationIsVisible = 0;
			defaultConfigurationName = Release;
		};
		AB5B39861A9B24EB002ACEDF /* Build configuration list for PBXProject "U-blox" */ = {
			isa = XCConfigurationList;
			buildConfigurations = (
				AB5B39AF1A9B24EB002ACEDF /* Debug */,
				AB5B39B01A9B24EB002ACEDF /* Release */,
			);
			defaultConfigurationIsVisible = 0;
			defaultConfigurationName = Release;
		};
		AB5B39B11A9B24EB002ACEDF /* Build configuration list for PBXNativeTarget "U-blox" */ = {
			isa = XCConfigurationList;
			buildConfigurations = (
				AB5B39B21A9B24EB002ACEDF /* Debug */,
				AB5B39B31A9B24EB002ACEDF /* Release */,
			);
			defaultConfigurationIsVisible = 0;
			defaultConfigurationName = Release;
		};
/* End XCConfigurationList section */
	};
	rootObject = AB5B39831A9B24EB002ACEDF /* Project object */;
}
